
Microsoft Visual Studio Solution File, Format Version 12.00
# Visual Studio 14
VisualStudioVersion = 14.0.25123.0
MinimumVisualStudioVersion = 10.0.40219.1
Project("{FAE04EC0-301F-11D3-BF4B-00C04F79EFBC}") = "FileCompare", "FileCompare\FileCompare.csproj", "{89D2D046-7FC1-41DC-86FC-5819E7E7AE7A}"
EndProject
Project("{FAE04EC0-301F-11D3-BF4B-00C04F79EFBC}") = "CompareLib", "FileCompareLib\CompareLib.csproj", "{9FFC1D8B-F4D3-4282-ACB5-A3E9E0C08B64}"
EndProject
Project("{FAE04EC0-301F-11D3-BF4B-00C04F79EFBC}") = "FileCompareConsole", "FileCompareConsole\FileCompareConsole.csproj", "{34D7FB62-A12A-4CA0-8A53-101364A7608D}"
EndProject
Global
	GlobalSection(SolutionConfigurationPlatforms) = preSolution
		Debug|Any CPU = Debug|Any CPU
		Release|Any CPU = Release|Any CPU
	EndGlobalSection
	GlobalSection(ProjectConfigurationPlatforms) = postSolution
		{89D2D046-7FC1-41DC-86FC-5819E7E7AE7A}.Debug|Any CPU.ActiveCfg = Debug|Any CPU
		{89D2D046-7FC1-41DC-86FC-5819E7E7AE7A}.Debug|Any CPU.Build.0 = Debug|Any CPU
		{89D2D046-7FC1-41DC-86FC-5819E7E7AE7A}.Release|Any CPU.ActiveCfg = Release|Any CPU
		{89D2D046-7FC1-41DC-86FC-5819E7E7AE7A}.Release|Any CPU.Build.0 = Release|Any CPU
		{9FFC1D8B-F4D3-4282-ACB5-A3E9E0C08B64}.Debug|Any CPU.ActiveCfg = Debug|Any CPU
		{9FFC1D8B-F4D3-4282-ACB5-A3E9E0C08B64}.Debug|Any CPU.Build.0 = Debug|Any CPU
		{9FFC1D8B-F4D3-4282-ACB5-A3E9E0C08B64}.Release|Any CPU.ActiveCfg = Release|Any CPU
		{9FFC1D8B-F4D3-4282-ACB5-A3E9E0C08B64}.Release|Any CPU.Build.0 = Release|Any CPU
		{34D7FB62-A12A-4CA0-8A53-101364A7608D}.Debug|Any CPU.ActiveCfg = Debug|Any CPU
		{34D7FB62-A12A-4CA0-8A53-101364A7608D}.Debug|Any CPU.Build.0 = Debug|Any CPU
		{34D7FB62-A12A-4CA0-8A53-101364A7608D}.Release|Any CPU.ActiveCfg = Release|Any CPU
		{34D7FB62-A12A-4CA0-8A53-101364A7608D}.Release|Any CPU.Build.0 = Release|Any CPU
	EndGlobalSection
	GlobalSection(SolutionProperties) = preSolution
		HideSolutionNode = FALSE
	EndGlobalSection
EndGlobal
